
Microsoft Visual Studio Solution File, Format Version 12.00
# Visual Studio Version 17
VisualStudioVersion = 17.2.32602.215
MinimumVisualStudioVersion = 10.0.40219.1
Project("{FAE04EC0-301F-11D3-BF4B-00C04F79EFBC}") = "MTProject", "MTProject\MTProject.csproj", "{F3BB099B-0BE4-4834-818E-32837E074376}"
EndProject
Project("{9A19103F-16F7-4668-BE54-9A1E7A4F7556}") = "MTProjectTests", "MTProjectTests\MTProjectTests.csproj", "{C5B59543-F5A0-41EE-82CA-E4BBC621D301}"
EndProject
Global
	GlobalSection(SolutionConfigurationPlatforms) = preSolution
		Debug|Any CPU = Debug|Any CPU
		Release|Any CPU = Release|Any CPU
	EndGlobalSection
	GlobalSection(ProjectConfigurationPlatforms) = postSolution
		{F3BB099B-0BE4-4834-818E-32837E074376}.Debug|Any CPU.ActiveCfg = Debug|Any CPU
		{F3BB099B-0BE4-4834-818E-32837E074376}.Debug|Any CPU.Build.0 = Debug|Any CPU
		{F3BB099B-0BE4-4834-818E-32837E074376}.Release|Any CPU.ActiveCfg = Release|Any CPU
		{F3BB099B-0BE4-4834-818E-32837E074376}.Release|Any CPU.Build.0 = Release|Any CPU
		{C5B59543-F5A0-41EE-82CA-E4BBC621D301}.Debug|Any CPU.ActiveCfg = Debug|Any CPU
		{C5B59543-F5A0-41EE-82CA-E4BBC621D301}.Debug|Any CPU.Build.0 = Debug|Any CPU
		{C5B59543-F5A0-41EE-82CA-E4BBC621D301}.Release|Any CPU.ActiveCfg = Release|Any CPU
		{C5B59543-F5A0-41EE-82CA-E4BBC621D301}.Release|Any CPU.Build.0 = Release|Any CPU
	EndGlobalSection
	GlobalSection(SolutionProperties) = preSolution
		HideSolutionNode = FALSE
	EndGlobalSection
	GlobalSection(ExtensibilityGlobals) = postSolution
		SolutionGuid = {38607426-390B-419E-A62D-BD678534EDC8}
	EndGlobalSection
EndGlobal
